
Microsoft Visual Studio Solution File, Format Version 12.00
# Visual Studio Version 16
VisualStudioVersion = 16.0.31005.135
MinimumVisualStudioVersion = 10.0.40219.1
Project("{FAE04EC0-301F-11D3-BF4B-00C04F79EFBC}") = "TEST2", "TEST2.csproj", "{40990F1E-6F67-43C2-AA7A-1C1FE189941F}"
EndProject
Global
	GlobalSection(SolutionConfigurationPlatforms) = preSolution
		Debug|Any CPU = Debug|Any CPU
		Release|Any CPU = Release|Any CPU
	EndGlobalSection
	GlobalSection(ProjectConfigurationPlatforms) = postSolution
		{40990F1E-6F67-43C2-AA7A-1C1FE189941F}.Debug|Any CPU.ActiveCfg = Debug|Any CPU
		{40990F1E-6F67-43C2-AA7A-1C1FE189941F}.Debug|Any CPU.Build.0 = Debug|Any CPU
		{40990F1E-6F67-43C2-AA7A-1C1FE189941F}.Release|Any CPU.ActiveCfg = Release|Any CPU
		{40990F1E-6F67-43C2-AA7A-1C1FE189941F}.Release|Any CPU.Build.0 = Release|Any CPU
	EndGlobalSection
	GlobalSection(SolutionProperties) = preSolution
		HideSolutionNode = FALSE
	EndGlobalSection
	GlobalSection(ExtensibilityGlobals) = postSolution
		SolutionGuid = {D80B12E4-FF33-4EA9-A939-678D36F97616}
	EndGlobalSection
EndGlobal
